{
  "nodes": {
    "emacs-overlay": {
      "inputs": {
        "flake-utils": "flake-utils",
        "nixpkgs": "nixpkgs",
        "nixpkgs-stable": "nixpkgs-stable"
      },
      "locked": {
        "lastModified": 1707930447,
        "narHash": "sha256-NDkHiMa4+DfLwLo28D9nxNzCVYBitwLZzlcSTUua5JY=",
        "owner": "nix-community",
        "repo": "emacs-overlay",
        "rev": "9327b7e16a991c8a2efbad729ac28452d7c40bf0",
        "type": "github"
      },
      "original": {
        "owner": "nix-community",
        "repo": "emacs-overlay",
        "rev": "9327b7e16a991c8a2efbad729ac28452d7c40bf0",
        "type": "github"
      }
    },
    "flake-utils": {
      "inputs": {
        "systems": "systems"
      },
      "locked": {
        "lastModified": 1705309234,
        "narHash": "sha256-uNRRNRKmJyCRC/8y1RqBkqWBLM034y4qN7EprSdmgyA=",
        "owner": "numtide",
        "repo": "flake-utils",
        "rev": "1ef2e671c3b0c19053962c07dbda38332dcebf26",
        "type": "github"
      },
      "original": {
        "owner": "numtide",
        "repo": "flake-utils",
        "type": "github"
      }
    },
    "home-manager": {
      "inputs": {
        "nixpkgs": [
          "nixpkgs"
        ]
      },
      "locked": {
        "lastModified": 1706981411,
        "narHash": "sha256-cLbLPTL1CDmETVh4p0nQtvoF+FSEjsnJTFpTxhXywhQ=",
        "owner": "nix-community",
        "repo": "home-manager",
        "rev": "652fda4ca6dafeb090943422c34ae9145787af37",
        "type": "github"
      },
      "original": {
        "owner": "nix-community",
        "ref": "release-23.11",
        "repo": "home-manager",
        "type": "github"
      }
    },
    "nixpkgs": {
      "locked": {
        "lastModified": 1707689078,
        "narHash": "sha256-UUGmRa84ZJHpGZ1WZEBEUOzaPOWG8LZ0yPg1pdDF/yM=",
        "owner": "NixOS",
        "repo": "nixpkgs",
        "rev": "f9d39fb9aff0efee4a3d5f4a6d7c17701d38a1d8",
        "type": "github"
      },
      "original": {
        "owner": "NixOS",
        "ref": "nixos-unstable",
        "repo": "nixpkgs",
        "type": "github"
      }
    },
    "nixpkgs-stable": {
      "locked": {
        "lastModified": 1707786466,
        "narHash": "sha256-yLPfrmW87M2qt+8bAmwopJawa+MJLh3M9rUbXtpUc1o=",
        "owner": "NixOS",
        "repo": "nixpkgs",
        "rev": "01885a071465e223f8f68971f864b15829988504",
        "type": "github"
      },
      "original": {
        "owner": "NixOS",
        "ref": "nixos-23.11",
        "repo": "nixpkgs",
        "type": "github"
      }
    },
    "nixpkgs_2": {
      "locked": {
        "lastModified": 1707978831,
        "narHash": "sha256-UblFdWQ2MMZNzD9C/w8+7RjAJ2QIbebbzHUniQ/a44o=",
        "owner": "NixOS",
        "repo": "nixpkgs",
        "rev": "c68a9fc85c2cb3a313be6ff40511635544dde8da",
        "type": "github"
      },
      "original": {
        "owner": "NixOS",
        "ref": "nixos-23.11",
        "repo": "nixpkgs",
        "type": "github"
      }
    },
    "nur": {
      "locked": {
        "lastModified": 1708166739,
        "narHash": "sha256-Hc+umnBPkFN5GdO8CAuvkdZ9CQmWXCjludtpH4VNwnE=",
        "owner": "nix-community",
        "repo": "NUR",
        "rev": "4505aa081f915ea31046fed4b10014b740c219c0",
        "type": "github"
      },
      "original": {
        "owner": "nix-community",
        "repo": "NUR",
        "type": "github"
      }
    },
    "root": {
      "inputs": {
        "emacs-overlay": "emacs-overlay",
        "home-manager": "home-manager",
        "nixpkgs": "nixpkgs_2",
        "nur": "nur"
      }
    },
    "systems": {
      "locked": {
        "lastModified": 1681028828,
        "narHash": "sha256-Vy1rq5AaRuLzOxct8nz4T6wlgyUR7zLU309k9mBC768=",
        "owner": "nix-systems",
        "repo": "default",
        "rev": "da67096a3b9bf56a91d16901293e51ba5b49a27e",
        "type": "github"
      },
      "original": {
        "owner": "nix-systems",
        "repo": "default",
        "type": "github"
      }
    }
  },
  "root": "root",
  "version": 7
}
